
Microsoft Visual Studio Solution File, Format Version 12.00
# Visual Studio Version 17
VisualStudioVersion = 17.4.33403.182
MinimumVisualStudioVersion = 10.0.40219.1
Project("{FAE04EC0-301F-11D3-BF4B-00C04F79EFBC}") = "OOPS_Concept", "OOPS_Concept\OOPS_Concept.csproj", "{A578DE09-913B-45BE-A811-BCF41EBDD81E}"
EndProject
Global
	GlobalSection(SolutionConfigurationPlatforms) = preSolution
		Debug|Any CPU = Debug|Any CPU
		Release|Any CPU = Release|Any CPU
	EndGlobalSection
	GlobalSection(ProjectConfigurationPlatforms) = postSolution
		{A578DE09-913B-45BE-A811-BCF41EBDD81E}.Debug|Any CPU.ActiveCfg = Debug|Any CPU
		{A578DE09-913B-45BE-A811-BCF41EBDD81E}.Debug|Any CPU.Build.0 = Debug|Any CPU
		{A578DE09-913B-45BE-A811-BCF41EBDD81E}.Release|Any CPU.ActiveCfg = Release|Any CPU
		{A578DE09-913B-45BE-A811-BCF41EBDD81E}.Release|Any CPU.Build.0 = Release|Any CPU
	EndGlobalSection
	GlobalSection(SolutionProperties) = preSolution
		HideSolutionNode = FALSE
	EndGlobalSection
	GlobalSection(ExtensibilityGlobals) = postSolution
		SolutionGuid = {2772A4A2-C592-42D8-A143-09966CD06AB0}
	EndGlobalSection
EndGlobal
